<?xml version="1.0" encoding="utf-8"?>
<Project ToolsVersion="4.0" xmlns="http://schemas.microsoft.com/developer/msbuild/2003">
  <ItemGroup>
    <Filter Include="file">
      <UniqueIdentifier>{41fe40b0-e24d-4392-93ac-2ff13dc93893}</UniqueIdentifier>
    </Filter>
  </ItemGroup>
  <ItemGroup>
    <ClCompile Include="..\cache\MemoryCache.cpp">
      <Filter>file</Filter>
    </ClCompile>
  </ItemGroup>
  <ItemGroup>
    <ClInclude Include="..\cache\MemoryCache.h">
      <Filter>file</Filter>
    </ClInclude>
  </ItemGroup>
</Project>