
Microsoft Visual Studio Solution File, Format Version 12.00
# Visual Studio 2013
VisualStudioVersion = 12.0.30723.0
MinimumVisualStudioVersion = 10.0.40219.1
Project("{8BC9CEB8-8B4A-11D0-8D11-00A0C91BC942}") = "net", "Net.vcxproj", "{CD23DB85-601D-44A6-AA2D-67EDD3CE0952}"
EndProject
Project("{8BC9CEB8-8B4A-11D0-8D11-00A0C91BC942}") = "database", "database.vcxproj", "{CF13F917-3915-485B-BB28-39E514DF25C3}"
EndProject
Project("{8BC9CEB8-8B4A-11D0-8D11-00A0C91BC942}") = "cache", "cache.vcxproj", "{AFDBD586-ADBC-4B18-BC01-0999B4274194}"
EndProject
Project("{2150E333-8FDC-42A3-9474-1A3956D46DE8}") = "lib-common", "lib-common", "{7D9FC91E-342E-433C-A159-1407F6FEF981}"
EndProject
Project("{8BC9CEB8-8B4A-11D0-8D11-00A0C91BC942}") = "http", "http.vcxproj", "{5316BA79-6B44-4E8A-8384-29CEFDBA3BFD}"
EndProject
Project("{8BC9CEB8-8B4A-11D0-8D11-00A0C91BC942}") = "message", "message.vcxproj", "{D0172324-244F-473A-8E0F-C3D4E1F7495D}"
EndProject
Project("{8BC9CEB8-8B4A-11D0-8D11-00A0C91BC942}") = "test", "test.vcxproj", "{71A2F206-9AFC-4EB8-9927-0F1D5C4E6993}"
	ProjectSection(ProjectDependencies) = postProject
		{4F65EC01-BBD8-4446-AE8B-C02076222606} = {4F65EC01-BBD8-4446-AE8B-C02076222606}
		{CF13F917-3915-485B-BB28-39E514DF25C3} = {CF13F917-3915-485B-BB28-39E514DF25C3}
		{D0172324-244F-473A-8E0F-C3D4E1F7495D} = {D0172324-244F-473A-8E0F-C3D4E1F7495D}
		{82356F33-956B-4931-9977-BD7994B1C761} = {82356F33-956B-4931-9977-BD7994B1C761}
		{05CD2A3A-0BB8-4A0D-869B-330E95A90674} = {05CD2A3A-0BB8-4A0D-869B-330E95A90674}
		{CD23DB85-601D-44A6-AA2D-67EDD3CE0952} = {CD23DB85-601D-44A6-AA2D-67EDD3CE0952}
		{E9596799-7139-4E02-A6B6-0706BF6349A7} = {E9596799-7139-4E02-A6B6-0706BF6349A7}
		{272471EC-7E86-45AE-80D9-40DC7D201C92} = {272471EC-7E86-45AE-80D9-40DC7D201C92}
	EndProjectSection
EndProject
Project("{8BC9CEB8-8B4A-11D0-8D11-00A0C91BC942}") = "utility", "utility.vcxproj", "{E9596799-7139-4E02-A6B6-0706BF6349A7}"
EndProject
Project("{8BC9CEB8-8B4A-11D0-8D11-00A0C91BC942}") = "log", "log.vcxproj", "{272471EC-7E86-45AE-80D9-40DC7D201C92}"
EndProject
Project("{8BC9CEB8-8B4A-11D0-8D11-00A0C91BC942}") = "luatinker", "luatinker.vcxproj", "{05CD2A3A-0BB8-4A0D-869B-330E95A90674}"
EndProject
Project("{8BC9CEB8-8B4A-11D0-8D11-00A0C91BC942}") = "server", "server.vcxproj", "{4F65EC01-BBD8-4446-AE8B-C02076222606}"
EndProject
Project("{8BC9CEB8-8B4A-11D0-8D11-00A0C91BC942}") = "protobufc", "pbc.vcxproj", "{82356F33-956B-4931-9977-BD7994B1C761}"
	ProjectSection(ProjectDependencies) = postProject
		{05CD2A3A-0BB8-4A0D-869B-330E95A90674} = {05CD2A3A-0BB8-4A0D-869B-330E95A90674}
	EndProjectSection
EndProject
Global
	GlobalSection(SolutionConfigurationPlatforms) = preSolution
		Debug|x64 = Debug|x64
		Release|x64 = Release|x64
	EndGlobalSection
	GlobalSection(ProjectConfigurationPlatforms) = postSolution
		{CD23DB85-601D-44A6-AA2D-67EDD3CE0952}.Debug|x64.ActiveCfg = Debug|x64
		{CD23DB85-601D-44A6-AA2D-67EDD3CE0952}.Debug|x64.Build.0 = Debug|x64
		{CD23DB85-601D-44A6-AA2D-67EDD3CE0952}.Release|x64.ActiveCfg = Release|x64
		{CD23DB85-601D-44A6-AA2D-67EDD3CE0952}.Release|x64.Build.0 = Release|x64
		{CF13F917-3915-485B-BB28-39E514DF25C3}.Debug|x64.ActiveCfg = Debug|x64
		{CF13F917-3915-485B-BB28-39E514DF25C3}.Debug|x64.Build.0 = Debug|x64
		{CF13F917-3915-485B-BB28-39E514DF25C3}.Release|x64.ActiveCfg = Release|x64
		{CF13F917-3915-485B-BB28-39E514DF25C3}.Release|x64.Build.0 = Release|x64
		{AFDBD586-ADBC-4B18-BC01-0999B4274194}.Debug|x64.ActiveCfg = Debug|x64
		{AFDBD586-ADBC-4B18-BC01-0999B4274194}.Debug|x64.Build.0 = Debug|x64
		{AFDBD586-ADBC-4B18-BC01-0999B4274194}.Release|x64.ActiveCfg = Release|x64
		{AFDBD586-ADBC-4B18-BC01-0999B4274194}.Release|x64.Build.0 = Release|x64
		{5316BA79-6B44-4E8A-8384-29CEFDBA3BFD}.Debug|x64.ActiveCfg = Debug|x64
		{5316BA79-6B44-4E8A-8384-29CEFDBA3BFD}.Debug|x64.Build.0 = Debug|x64
		{5316BA79-6B44-4E8A-8384-29CEFDBA3BFD}.Release|x64.ActiveCfg = Release|x64
		{5316BA79-6B44-4E8A-8384-29CEFDBA3BFD}.Release|x64.Build.0 = Release|x64
		{D0172324-244F-473A-8E0F-C3D4E1F7495D}.Debug|x64.ActiveCfg = Debug|x64
		{D0172324-244F-473A-8E0F-C3D4E1F7495D}.Debug|x64.Build.0 = Debug|x64
		{D0172324-244F-473A-8E0F-C3D4E1F7495D}.Release|x64.ActiveCfg = Release|x64
		{D0172324-244F-473A-8E0F-C3D4E1F7495D}.Release|x64.Build.0 = Release|x64
		{71A2F206-9AFC-4EB8-9927-0F1D5C4E6993}.Debug|x64.ActiveCfg = Debug|x64
		{71A2F206-9AFC-4EB8-9927-0F1D5C4E6993}.Debug|x64.Build.0 = Debug|x64
		{71A2F206-9AFC-4EB8-9927-0F1D5C4E6993}.Release|x64.ActiveCfg = Release|x64
		{71A2F206-9AFC-4EB8-9927-0F1D5C4E6993}.Release|x64.Build.0 = Release|x64
		{E9596799-7139-4E02-A6B6-0706BF6349A7}.Debug|x64.ActiveCfg = Debug|x64
		{E9596799-7139-4E02-A6B6-0706BF6349A7}.Debug|x64.Build.0 = Debug|x64
		{E9596799-7139-4E02-A6B6-0706BF6349A7}.Release|x64.ActiveCfg = Release|x64
		{E9596799-7139-4E02-A6B6-0706BF6349A7}.Release|x64.Build.0 = Release|x64
		{272471EC-7E86-45AE-80D9-40DC7D201C92}.Debug|x64.ActiveCfg = Debug|x64
		{272471EC-7E86-45AE-80D9-40DC7D201C92}.Debug|x64.Build.0 = Debug|x64
		{272471EC-7E86-45AE-80D9-40DC7D201C92}.Release|x64.ActiveCfg = Release|x64
		{272471EC-7E86-45AE-80D9-40DC7D201C92}.Release|x64.Build.0 = Release|x64
		{05CD2A3A-0BB8-4A0D-869B-330E95A90674}.Debug|x64.ActiveCfg = Debug|x64
		{05CD2A3A-0BB8-4A0D-869B-330E95A90674}.Debug|x64.Build.0 = Debug|x64
		{05CD2A3A-0BB8-4A0D-869B-330E95A90674}.Release|x64.ActiveCfg = Release|x64
		{05CD2A3A-0BB8-4A0D-869B-330E95A90674}.Release|x64.Build.0 = Release|x64
		{4F65EC01-BBD8-4446-AE8B-C02076222606}.Debug|x64.ActiveCfg = Debug|x64
		{4F65EC01-BBD8-4446-AE8B-C02076222606}.Debug|x64.Build.0 = Debug|x64
		{4F65EC01-BBD8-4446-AE8B-C02076222606}.Release|x64.ActiveCfg = Release|x64
		{4F65EC01-BBD8-4446-AE8B-C02076222606}.Release|x64.Build.0 = Release|x64
		{82356F33-956B-4931-9977-BD7994B1C761}.Debug|x64.ActiveCfg = Debug|x64
		{82356F33-956B-4931-9977-BD7994B1C761}.Debug|x64.Build.0 = Debug|x64
		{82356F33-956B-4931-9977-BD7994B1C761}.Release|x64.ActiveCfg = Release|x64
		{82356F33-956B-4931-9977-BD7994B1C761}.Release|x64.Build.0 = Release|x64
	EndGlobalSection
	GlobalSection(SolutionProperties) = preSolution
		HideSolutionNode = FALSE
	EndGlobalSection
	GlobalSection(NestedProjects) = preSolution
		{CD23DB85-601D-44A6-AA2D-67EDD3CE0952} = {7D9FC91E-342E-433C-A159-1407F6FEF981}
		{CF13F917-3915-485B-BB28-39E514DF25C3} = {7D9FC91E-342E-433C-A159-1407F6FEF981}
		{AFDBD586-ADBC-4B18-BC01-0999B4274194} = {7D9FC91E-342E-433C-A159-1407F6FEF981}
		{5316BA79-6B44-4E8A-8384-29CEFDBA3BFD} = {7D9FC91E-342E-433C-A159-1407F6FEF981}
		{D0172324-244F-473A-8E0F-C3D4E1F7495D} = {7D9FC91E-342E-433C-A159-1407F6FEF981}
		{E9596799-7139-4E02-A6B6-0706BF6349A7} = {7D9FC91E-342E-433C-A159-1407F6FEF981}
		{272471EC-7E86-45AE-80D9-40DC7D201C92} = {7D9FC91E-342E-433C-A159-1407F6FEF981}
		{82356F33-956B-4931-9977-BD7994B1C761} = {7D9FC91E-342E-433C-A159-1407F6FEF981}
	EndGlobalSection
EndGlobal
